PODS:
  - ContentKit (2.3):
    - RepresentationKit
  - RepresentationKit (2.2)

DEPENDENCIES:
  - ContentKit (from `../`)
  - RepresentationKit (from `https://github.com/averello/RepresentationKit.git`)

EXTERNAL SOURCES:
  ContentKit:
    :path: "../"
  RepresentationKit:
    :git: https://github.com/averello/RepresentationKit.git

CHECKOUT OPTIONS:
  RepresentationKit:
    :commit: 87c8045f94bbb9aaba43de8273ddee966229190a
    :git: https://github.com/averello/RepresentationKit.git

SPEC CHECKSUMS:
  ContentKit: 38837962ecf3dba776c88f55eed2a439517fa160
  RepresentationKit: f1cbe81fe33fe738a2a3d8a1f752359cbb57172c

PODFILE CHECKSUM: 4786e3ca42aaec112f7b2f3b385d7bcc321559d9

COCOAPODS: 1.5.3
