PODS:
  - ContentKit (2.1.1):
    - RepresentationKit
  - RepresentationKit (2.1)

DEPENDENCIES:
  - ContentKit (from `../`)
  - RepresentationKit (from `https://github.com/averello/RepresentationKit.git`)

EXTERNAL SOURCES:
  ContentKit:
    :path: "../"
  RepresentationKit:
    :git: https://github.com/averello/RepresentationKit.git

CHECKOUT OPTIONS:
  RepresentationKit:
    :commit: 02089144a1328f734747939e462b56128ac1278e
    :git: https://github.com/averello/RepresentationKit.git

SPEC CHECKSUMS:
  ContentKit: a2fb7df876d4cfb14c1285f75785a2a085edbf61
  RepresentationKit: d6ce6839901436f5e1d8053aa2e5fcbc8fa1f38b

PODFILE CHECKSUM: 4786e3ca42aaec112f7b2f3b385d7bcc321559d9

COCOAPODS: 1.5.0
